%{"certifi": {:hex, :certifi, "0.3.0"},
  "combine": {:hex, :combine, "0.7.0"},
  "earmark": {:hex, :earmark, "0.2.1"},
  "exjsx": {:hex, :exjsx, "3.2.0"},
  "hackney": {:hex, :hackney, "1.4.8"},
  "httpoison": {:hex, :httpoison, "0.8.1"},
  "idna": {:hex, :idna, "1.0.3"},
  "jsx": {:hex, :jsx, "2.6.2"},
  "mimerl": {:hex, :mimerl, "1.0.2"},
  "nadia": {:git, "https://github.com/zhyu/nadia", "7525c6b2445f3a65fc62a1f916c30d849026df67", []},
  "poison": {:hex, :poison, "1.5.2"},
  "quantum": {:hex, :quantum, "1.6.1"},
  "remix": {:hex, :remix, "0.0.2"},
  "ssl_verify_hostname": {:hex, :ssl_verify_hostname, "1.0.5"},
  "timex": {:git, "https://github.com/bitwalker/timex", "406868ff022dcfc8c7a84369ee582117f27ba837", []},
  "tzdata": {:hex, :tzdata, "0.1.8"},
  "yocingo": {:hex, :yocingo, "0.0.2"}}
